
Microsoft Visual Studio Solution File, Format Version 12.00
# Visual Studio Version 17
VisualStudioVersion = 17.9.34728.123
MinimumVisualStudioVersion = 10.0.40219.1
Project("{9A19103F-16F7-4668-BE54-9A1E7A4F7556}") = "AIMA.CSharpLibrary", "AIMA.csharpLibaray\AIMA.CSharpLibrary.csproj", "{7C8053DF-B45C-4DAD-8A83-2B3581D56962}"
EndProject
Project("{9A19103F-16F7-4668-BE54-9A1E7A4F7556}") = "AIMA.csharp.Tests", "AIMA.csharp.Tests\AIMA.csharp.Tests.csproj", "{1C60E211-ED58-48F5-8A67-332DFC41AB4B}"
EndProject
Project("{9A19103F-16F7-4668-BE54-9A1E7A4F7556}") = "AIMA.CSharp.GUI", "AIMA.CSharp.GUI\AIMA.CSharp.GUI.csproj", "{780BDC7B-2C32-41F3-BAF9-D7EEB14CBD94}"
EndProject
Project("{FAE04EC0-301F-11D3-BF4B-00C04F79EFBC}") = "AIMA.Implementations", "AIMA.Implementations\AIMA.Implementations.csproj", "{FAF9BA58-192E-46FD-8CCD-59221E52430B}"
EndProject
Project("{FAE04EC0-301F-11D3-BF4B-00C04F79EFBC}") = "AIMA.Documentation", "AIMA.Documentation\AIMA.Documentation.csproj", "{ACA4D172-4E53-4474-9485-CBF341BBBF03}"
EndProject
Global
	GlobalSection(SolutionConfigurationPlatforms) = preSolution
		Debug|Any CPU = Debug|Any CPU
		Release|Any CPU = Release|Any CPU
	EndGlobalSection
	GlobalSection(ProjectConfigurationPlatforms) = postSolution
		{7C8053DF-B45C-4DAD-8A83-2B3581D56962}.Debug|Any CPU.ActiveCfg = Debug|Any CPU
		{7C8053DF-B45C-4DAD-8A83-2B3581D56962}.Debug|Any CPU.Build.0 = Debug|Any CPU
		{7C8053DF-B45C-4DAD-8A83-2B3581D56962}.Release|Any CPU.ActiveCfg = Release|Any CPU
		{7C8053DF-B45C-4DAD-8A83-2B3581D56962}.Release|Any CPU.Build.0 = Release|Any CPU
		{1C60E211-ED58-48F5-8A67-332DFC41AB4B}.Debug|Any CPU.ActiveCfg = Debug|Any CPU
		{1C60E211-ED58-48F5-8A67-332DFC41AB4B}.Debug|Any CPU.Build.0 = Debug|Any CPU
		{1C60E211-ED58-48F5-8A67-332DFC41AB4B}.Release|Any CPU.ActiveCfg = Release|Any CPU
		{1C60E211-ED58-48F5-8A67-332DFC41AB4B}.Release|Any CPU.Build.0 = Release|Any CPU
		{780BDC7B-2C32-41F3-BAF9-D7EEB14CBD94}.Debug|Any CPU.ActiveCfg = Debug|Any CPU
		{780BDC7B-2C32-41F3-BAF9-D7EEB14CBD94}.Debug|Any CPU.Build.0 = Debug|Any CPU
		{780BDC7B-2C32-41F3-BAF9-D7EEB14CBD94}.Release|Any CPU.ActiveCfg = Release|Any CPU
		{780BDC7B-2C32-41F3-BAF9-D7EEB14CBD94}.Release|Any CPU.Build.0 = Release|Any CPU
		{FAF9BA58-192E-46FD-8CCD-59221E52430B}.Debug|Any CPU.ActiveCfg = Debug|Any CPU
		{FAF9BA58-192E-46FD-8CCD-59221E52430B}.Debug|Any CPU.Build.0 = Debug|Any CPU
		{FAF9BA58-192E-46FD-8CCD-59221E52430B}.Release|Any CPU.ActiveCfg = Release|Any CPU
		{FAF9BA58-192E-46FD-8CCD-59221E52430B}.Release|Any CPU.Build.0 = Release|Any CPU
		{ACA4D172-4E53-4474-9485-CBF341BBBF03}.Debug|Any CPU.ActiveCfg = Debug|Any CPU
		{ACA4D172-4E53-4474-9485-CBF341BBBF03}.Debug|Any CPU.Build.0 = Debug|Any CPU
		{ACA4D172-4E53-4474-9485-CBF341BBBF03}.Release|Any CPU.ActiveCfg = Release|Any CPU
		{ACA4D172-4E53-4474-9485-CBF341BBBF03}.Release|Any CPU.Build.0 = Release|Any CPU
	EndGlobalSection
	GlobalSection(SolutionProperties) = preSolution
		HideSolutionNode = FALSE
	EndGlobalSection
	GlobalSection(ExtensibilityGlobals) = postSolution
		SolutionGuid = {67A25740-F772-4387-9979-D9BB66A4643F}
	EndGlobalSection
EndGlobal
